Microsoft Visual Studio Solution File, Format Version 12.00
# Visual Studio Version 17
VisualStudioVersion = 17.5.2.0
MinimumVisualStudioVersion = 10.0.40219.1
Project("{FAE04EC0-301F-11D3-BF4B-00C04F79EFBC}") = "Escala", "Escala.csproj", "{4935792F-7338-A49F-9A0E-A6D100FDBD2D}"
EndProject
Global
	GlobalSection(SolutionConfigurationPlatforms) = preSolution
		Debug|Any CPU = Debug|Any CPU
		Release|Any CPU = Release|Any CPU
	EndGlobalSection
	GlobalSection(ProjectConfigurationPlatforms) = postSolution
		{4935792F-7338-A49F-9A0E-A6D100FDBD2D}.Debug|Any CPU.ActiveCfg = Debug|Any CPU
		{4935792F-7338-A49F-9A0E-A6D100FDBD2D}.Debug|Any CPU.Build.0 = Debug|Any CPU
		{4935792F-7338-A49F-9A0E-A6D100FDBD2D}.Release|Any CPU.ActiveCfg = Release|Any CPU
		{4935792F-7338-A49F-9A0E-A6D100FDBD2D}.Release|Any CPU.Build.0 = Release|Any CPU
	EndGlobalSection
	GlobalSection(SolutionProperties) = preSolution
		HideSolutionNode = FALSE
	EndGlobalSection
	GlobalSection(ExtensibilityGlobals) = postSolution
		SolutionGuid = {36CF7A4F-05E1-4C79-97D9-15819A70C4C7}
	EndGlobalSection
EndGlobal
